
Microsoft Visual Studio Solution File, Format Version 12.00
# Visual Studio 15
VisualStudioVersion = 15.0.26228.4
MinimumVisualStudioVersion = 10.0.40219.1
Project("{FAE04EC0-301F-11D3-BF4B-00C04F79EFBC}") = "FishyuSelfControl", "FishyuSelfControl.csproj", "{142F6A74-B1D1-4CFF-8805-E9F2FAC9D440}"
EndProject
Project("{FAE04EC0-301F-11D3-BF4B-00C04F79EFBC}") = "Test", "..\Test\Test.csproj", "{EFA55878-C777-428A-823A-8BB3F4D1C556}"
EndProject
Project("{FAE04EC0-301F-11D3-BF4B-00C04F79EFBC}") = "FishyuAnimation", "..\FishyuAnimation\FishyuAnimation\FishyuAnimation.csproj", "{13D92134-FCAE-4B91-85BA-4E7766F842C6}"
EndProject
Project("{FAE04EC0-301F-11D3-BF4B-00C04F79EFBC}") = "FishYuAnimationWinFormDemo", "..\FishyuAnimation\FishYuAnimationWinFormDemo\FishYuAnimationWinFormDemo.csproj", "{62514B7A-F2D7-4526-BAEE-E0992E8BB157}"
EndProject
Project("{FAE04EC0-301F-11D3-BF4B-00C04F79EFBC}") = "FinshYuUtils", "FinshYuUtils\FinshYuUtils.csproj", "{DC97B04D-3461-4227-9C8B-842E8A48F66A}"
EndProject
Project("{FAE04EC0-301F-11D3-BF4B-00C04F79EFBC}") = "ReportFormDesign", "..\ReportFormDesign\ReportFormDesign.csproj", "{7A91F1C3-76F0-4120-8F89-73ACF1BE26E6}"
EndProject
Global
	GlobalSection(SolutionConfigurationPlatforms) = preSolution
		Debug|Any CPU = Debug|Any CPU
		Debug|ARM = Debug|ARM
		Debug|x64 = Debug|x64
		Debug|x86 = Debug|x86
		Release|Any CPU = Release|Any CPU
		Release|ARM = Release|ARM
		Release|x64 = Release|x64
		Release|x86 = Release|x86
	EndGlobalSection
	GlobalSection(ProjectConfigurationPlatforms) = postSolution
		{142F6A74-B1D1-4CFF-8805-E9F2FAC9D440}.Debug|Any CPU.ActiveCfg = Debug|Any CPU
		{142F6A74-B1D1-4CFF-8805-E9F2FAC9D440}.Debug|Any CPU.Build.0 = Debug|Any CPU
		{142F6A74-B1D1-4CFF-8805-E9F2FAC9D440}.Debug|ARM.ActiveCfg = Debug|Any CPU
		{142F6A74-B1D1-4CFF-8805-E9F2FAC9D440}.Debug|ARM.Build.0 = Debug|Any CPU
		{142F6A74-B1D1-4CFF-8805-E9F2FAC9D440}.Debug|x64.ActiveCfg = Debug|Any CPU
		{142F6A74-B1D1-4CFF-8805-E9F2FAC9D440}.Debug|x64.Build.0 = Debug|Any CPU
		{142F6A74-B1D1-4CFF-8805-E9F2FAC9D440}.Debug|x86.ActiveCfg = Debug|Any CPU
		{142F6A74-B1D1-4CFF-8805-E9F2FAC9D440}.Debug|x86.Build.0 = Debug|Any CPU
		{142F6A74-B1D1-4CFF-8805-E9F2FAC9D440}.Release|Any CPU.ActiveCfg = Release|Any CPU
		{142F6A74-B1D1-4CFF-8805-E9F2FAC9D440}.Release|Any CPU.Build.0 = Release|Any CPU
		{142F6A74-B1D1-4CFF-8805-E9F2FAC9D440}.Release|ARM.ActiveCfg = Release|Any CPU
		{142F6A74-B1D1-4CFF-8805-E9F2FAC9D440}.Release|ARM.Build.0 = Release|Any CPU
		{142F6A74-B1D1-4CFF-8805-E9F2FAC9D440}.Release|x64.ActiveCfg = Release|Any CPU
		{142F6A74-B1D1-4CFF-8805-E9F2FAC9D440}.Release|x64.Build.0 = Release|Any CPU
		{142F6A74-B1D1-4CFF-8805-E9F2FAC9D440}.Release|x86.ActiveCfg = Release|Any CPU
		{142F6A74-B1D1-4CFF-8805-E9F2FAC9D440}.Release|x86.Build.0 = Release|Any CPU
		{EFA55878-C777-428A-823A-8BB3F4D1C556}.Debug|Any CPU.ActiveCfg = Debug|Any CPU
		{EFA55878-C777-428A-823A-8BB3F4D1C556}.Debug|Any CPU.Build.0 = Debug|Any CPU
		{EFA55878-C777-428A-823A-8BB3F4D1C556}.Debug|ARM.ActiveCfg = Debug|Any CPU
		{EFA55878-C777-428A-823A-8BB3F4D1C556}.Debug|ARM.Build.0 = Debug|Any CPU
		{EFA55878-C777-428A-823A-8BB3F4D1C556}.Debug|x64.ActiveCfg = Debug|Any CPU
		{EFA55878-C777-428A-823A-8BB3F4D1C556}.Debug|x64.Build.0 = Debug|Any CPU
		{EFA55878-C777-428A-823A-8BB3F4D1C556}.Debug|x86.ActiveCfg = Debug|Any CPU
		{EFA55878-C777-428A-823A-8BB3F4D1C556}.Debug|x86.Build.0 = Debug|Any CPU
		{EFA55878-C777-428A-823A-8BB3F4D1C556}.Release|Any CPU.ActiveCfg = Release|Any CPU
		{EFA55878-C777-428A-823A-8BB3F4D1C556}.Release|Any CPU.Build.0 = Release|Any CPU
		{EFA55878-C777-428A-823A-8BB3F4D1C556}.Release|ARM.ActiveCfg = Release|Any CPU
		{EFA55878-C777-428A-823A-8BB3F4D1C556}.Release|ARM.Build.0 = Release|Any CPU
		{EFA55878-C777-428A-823A-8BB3F4D1C556}.Release|x64.ActiveCfg = Release|Any CPU
		{EFA55878-C777-428A-823A-8BB3F4D1C556}.Release|x64.Build.0 = Release|Any CPU
		{EFA55878-C777-428A-823A-8BB3F4D1C556}.Release|x86.ActiveCfg = Release|Any CPU
		{EFA55878-C777-428A-823A-8BB3F4D1C556}.Release|x86.Build.0 = Release|Any CPU
		{13D92134-FCAE-4B91-85BA-4E7766F842C6}.Debug|Any CPU.ActiveCfg = Debug|Any CPU
		{13D92134-FCAE-4B91-85BA-4E7766F842C6}.Debug|Any CPU.Build.0 = Debug|Any CPU
		{13D92134-FCAE-4B91-85BA-4E7766F842C6}.Debug|ARM.ActiveCfg = Debug|Any CPU
		{13D92134-FCAE-4B91-85BA-4E7766F842C6}.Debug|ARM.Build.0 = Debug|Any CPU
		{13D92134-FCAE-4B91-85BA-4E7766F842C6}.Debug|x64.ActiveCfg = Debug|Any CPU
		{13D92134-FCAE-4B91-85BA-4E7766F842C6}.Debug|x64.Build.0 = Debug|Any CPU
		{13D92134-FCAE-4B91-85BA-4E7766F842C6}.Debug|x86.ActiveCfg = Debug|Any CPU
		{13D92134-FCAE-4B91-85BA-4E7766F842C6}.Debug|x86.Build.0 = Debug|Any CPU
		{13D92134-FCAE-4B91-85BA-4E7766F842C6}.Release|Any CPU.ActiveCfg = Release|Any CPU
		{13D92134-FCAE-4B91-85BA-4E7766F842C6}.Release|Any CPU.Build.0 = Release|Any CPU
		{13D92134-FCAE-4B91-85BA-4E7766F842C6}.Release|ARM.ActiveCfg = Release|Any CPU
		{13D92134-FCAE-4B91-85BA-4E7766F842C6}.Release|ARM.Build.0 = Release|Any CPU
		{13D92134-FCAE-4B91-85BA-4E7766F842C6}.Release|x64.ActiveCfg = Release|Any CPU
		{13D92134-FCAE-4B91-85BA-4E7766F842C6}.Release|x64.Build.0 = Release|Any CPU
		{13D92134-FCAE-4B91-85BA-4E7766F842C6}.Release|x86.ActiveCfg = Release|Any CPU
		{13D92134-FCAE-4B91-85BA-4E7766F842C6}.Release|x86.Build.0 = Release|Any CPU
		{62514B7A-F2D7-4526-BAEE-E0992E8BB157}.Debug|Any CPU.ActiveCfg = Debug|Any CPU
		{62514B7A-F2D7-4526-BAEE-E0992E8BB157}.Debug|Any CPU.Build.0 = Debug|Any CPU
		{62514B7A-F2D7-4526-BAEE-E0992E8BB157}.Debug|ARM.ActiveCfg = Debug|Any CPU
		{62514B7A-F2D7-4526-BAEE-E0992E8BB157}.Debug|ARM.Build.0 = Debug|Any CPU
		{62514B7A-F2D7-4526-BAEE-E0992E8BB157}.Debug|x64.ActiveCfg = Debug|Any CPU
		{62514B7A-F2D7-4526-BAEE-E0992E8BB157}.Debug|x64.Build.0 = Debug|Any CPU
		{62514B7A-F2D7-4526-BAEE-E0992E8BB157}.Debug|x86.ActiveCfg = Debug|Any CPU
		{62514B7A-F2D7-4526-BAEE-E0992E8BB157}.Debug|x86.Build.0 = Debug|Any CPU
		{62514B7A-F2D7-4526-BAEE-E0992E8BB157}.Release|Any CPU.ActiveCfg = Release|Any CPU
		{62514B7A-F2D7-4526-BAEE-E0992E8BB157}.Release|Any CPU.Build.0 = Release|Any CPU
		{62514B7A-F2D7-4526-BAEE-E0992E8BB157}.Release|ARM.ActiveCfg = Release|Any CPU
		{62514B7A-F2D7-4526-BAEE-E0992E8BB157}.Release|ARM.Build.0 = Release|Any CPU
		{62514B7A-F2D7-4526-BAEE-E0992E8BB157}.Release|x64.ActiveCfg = Release|Any CPU
		{62514B7A-F2D7-4526-BAEE-E0992E8BB157}.Release|x64.Build.0 = Release|Any CPU
		{62514B7A-F2D7-4526-BAEE-E0992E8BB157}.Release|x86.ActiveCfg = Release|Any CPU
		{62514B7A-F2D7-4526-BAEE-E0992E8BB157}.Release|x86.Build.0 = Release|Any CPU
		{DC97B04D-3461-4227-9C8B-842E8A48F66A}.Debug|Any CPU.ActiveCfg = Debug|Any CPU
		{DC97B04D-3461-4227-9C8B-842E8A48F66A}.Debug|Any CPU.Build.0 = Debug|Any CPU
		{DC97B04D-3461-4227-9C8B-842E8A48F66A}.Debug|ARM.ActiveCfg = Debug|Any CPU
		{DC97B04D-3461-4227-9C8B-842E8A48F66A}.Debug|ARM.Build.0 = Debug|Any CPU
		{DC97B04D-3461-4227-9C8B-842E8A48F66A}.Debug|x64.ActiveCfg = Debug|Any CPU
		{DC97B04D-3461-4227-9C8B-842E8A48F66A}.Debug|x64.Build.0 = Debug|Any CPU
		{DC97B04D-3461-4227-9C8B-842E8A48F66A}.Debug|x86.ActiveCfg = Debug|Any CPU
		{DC97B04D-3461-4227-9C8B-842E8A48F66A}.Debug|x86.Build.0 = Debug|Any CPU
		{DC97B04D-3461-4227-9C8B-842E8A48F66A}.Release|Any CPU.ActiveCfg = Release|Any CPU
		{DC97B04D-3461-4227-9C8B-842E8A48F66A}.Release|Any CPU.Build.0 = Release|Any CPU
		{DC97B04D-3461-4227-9C8B-842E8A48F66A}.Release|ARM.ActiveCfg = Release|Any CPU
		{DC97B04D-3461-4227-9C8B-842E8A48F66A}.Release|ARM.Build.0 = Release|Any CPU
		{DC97B04D-3461-4227-9C8B-842E8A48F66A}.Release|x64.ActiveCfg = Release|Any CPU
		{DC97B04D-3461-4227-9C8B-842E8A48F66A}.Release|x64.Build.0 = Release|Any CPU
		{DC97B04D-3461-4227-9C8B-842E8A48F66A}.Release|x86.ActiveCfg = Release|Any CPU
		{DC97B04D-3461-4227-9C8B-842E8A48F66A}.Release|x86.Build.0 = Release|Any CPU
		{7A91F1C3-76F0-4120-8F89-73ACF1BE26E6}.Debug|Any CPU.ActiveCfg = Debug|Any CPU
		{7A91F1C3-76F0-4120-8F89-73ACF1BE26E6}.Debug|Any CPU.Build.0 = Debug|Any CPU
		{7A91F1C3-76F0-4120-8F89-73ACF1BE26E6}.Debug|ARM.ActiveCfg = Debug|Any CPU
		{7A91F1C3-76F0-4120-8F89-73ACF1BE26E6}.Debug|ARM.Build.0 = Debug|Any CPU
		{7A91F1C3-76F0-4120-8F89-73ACF1BE26E6}.Debug|x64.ActiveCfg = Debug|Any CPU
		{7A91F1C3-76F0-4120-8F89-73ACF1BE26E6}.Debug|x64.Build.0 = Debug|Any CPU
		{7A91F1C3-76F0-4120-8F89-73ACF1BE26E6}.Debug|x86.ActiveCfg = Debug|Any CPU
		{7A91F1C3-76F0-4120-8F89-73ACF1BE26E6}.Debug|x86.Build.0 = Debug|Any CPU
		{7A91F1C3-76F0-4120-8F89-73ACF1BE26E6}.Release|Any CPU.ActiveCfg = Release|Any CPU
		{7A91F1C3-76F0-4120-8F89-73ACF1BE26E6}.Release|Any CPU.Build.0 = Release|Any CPU
		{7A91F1C3-76F0-4120-8F89-73ACF1BE26E6}.Release|ARM.ActiveCfg = Release|Any CPU
		{7A91F1C3-76F0-4120-8F89-73ACF1BE26E6}.Release|ARM.Build.0 = Release|Any CPU
		{7A91F1C3-76F0-4120-8F89-73ACF1BE26E6}.Release|x64.ActiveCfg = Release|Any CPU
		{7A91F1C3-76F0-4120-8F89-73ACF1BE26E6}.Release|x64.Build.0 = Release|Any CPU
		{7A91F1C3-76F0-4120-8F89-73ACF1BE26E6}.Release|x86.ActiveCfg = Release|Any CPU
		{7A91F1C3-76F0-4120-8F89-73ACF1BE26E6}.Release|x86.Build.0 = Release|Any CPU
	EndGlobalSection
	GlobalSection(SolutionProperties) = preSolution
		HideSolutionNode = FALSE
	EndGlobalSection
EndGlobal
