
Microsoft Visual Studio Solution File, Format Version 12.00
# Visual Studio 14
VisualStudioVersion = 14.0.25420.1
MinimumVisualStudioVersion = 10.0.40219.1
Project("{FAE04EC0-301F-11D3-BF4B-00C04F79EFBC}") = "FishyuAnimation", "FishyuAnimation\FishyuAnimation.csproj", "{13D92134-FCAE-4B91-85BA-4E7766F842C6}"
EndProject
Project("{FAE04EC0-301F-11D3-BF4B-00C04F79EFBC}") = "FishYuAnimationWinFormDemo", "FishYuAnimationWinFormDemo\FishYuAnimationWinFormDemo.csproj", "{62514B7A-F2D7-4526-BAEE-E0992E8BB157}"
EndProject
Global
	GlobalSection(SolutionConfigurationPlatforms) = preSolution
		Debug|Any CPU = Debug|Any CPU
		Release|Any CPU = Release|Any CPU
	EndGlobalSection
	GlobalSection(ProjectConfigurationPlatforms) = postSolution
		{13D92134-FCAE-4B91-85BA-4E7766F842C6}.Debug|Any CPU.ActiveCfg = Debug|Any CPU
		{13D92134-FCAE-4B91-85BA-4E7766F842C6}.Debug|Any CPU.Build.0 = Debug|Any CPU
		{13D92134-FCAE-4B91-85BA-4E7766F842C6}.Release|Any CPU.ActiveCfg = Release|Any CPU
		{13D92134-FCAE-4B91-85BA-4E7766F842C6}.Release|Any CPU.Build.0 = Release|Any CPU
		{62514B7A-F2D7-4526-BAEE-E0992E8BB157}.Debug|Any CPU.ActiveCfg = Debug|Any CPU
		{62514B7A-F2D7-4526-BAEE-E0992E8BB157}.Debug|Any CPU.Build.0 = Debug|Any CPU
		{62514B7A-F2D7-4526-BAEE-E0992E8BB157}.Release|Any CPU.ActiveCfg = Release|Any CPU
		{62514B7A-F2D7-4526-BAEE-E0992E8BB157}.Release|Any CPU.Build.0 = Release|Any CPU
	EndGlobalSection
	GlobalSection(SolutionProperties) = preSolution
		HideSolutionNode = FALSE
	EndGlobalSection
EndGlobal
